
Microsoft Visual Studio Solution File, Format Version 12.00
# Visual Studio Version 17
VisualStudioVersion = 17.8.34525.116
MinimumVisualStudioVersion = 10.0.40219.1
Project("{FAE04EC0-301F-11D3-BF4B-00C04F79EFBC}") = "Student_Maui_00", "Student_Maui_00\Student_Maui_00.csproj", "{245A1BCC-4B12-46E7-8A35-311A2AD64B8E}"
EndProject
Project("{FAE04EC0-301F-11D3-BF4B-00C04F79EFBC}") = "Student_Model", "Student_Model\Student_Model.csproj", "{48252C7F-82DE-4D1E-8F1C-DC6BD0074BC1}"
EndProject
Global
	GlobalSection(SolutionConfigurationPlatforms) = preSolution
		Debug|Any CPU = Debug|Any CPU
		Release|Any CPU = Release|Any CPU
	EndGlobalSection
	GlobalSection(ProjectConfigurationPlatforms) = postSolution
		{245A1BCC-4B12-46E7-8A35-311A2AD64B8E}.Debug|Any CPU.ActiveCfg = Debug|Any CPU
		{245A1BCC-4B12-46E7-8A35-311A2AD64B8E}.Debug|Any CPU.Build.0 = Debug|Any CPU
		{245A1BCC-4B12-46E7-8A35-311A2AD64B8E}.Debug|Any CPU.Deploy.0 = Debug|Any CPU
		{245A1BCC-4B12-46E7-8A35-311A2AD64B8E}.Release|Any CPU.ActiveCfg = Release|Any CPU
		{245A1BCC-4B12-46E7-8A35-311A2AD64B8E}.Release|Any CPU.Build.0 = Release|Any CPU
		{245A1BCC-4B12-46E7-8A35-311A2AD64B8E}.Release|Any CPU.Deploy.0 = Release|Any CPU
		{48252C7F-82DE-4D1E-8F1C-DC6BD0074BC1}.Debug|Any CPU.ActiveCfg = Debug|Any CPU
		{48252C7F-82DE-4D1E-8F1C-DC6BD0074BC1}.Debug|Any CPU.Build.0 = Debug|Any CPU
		{48252C7F-82DE-4D1E-8F1C-DC6BD0074BC1}.Release|Any CPU.ActiveCfg = Release|Any CPU
		{48252C7F-82DE-4D1E-8F1C-DC6BD0074BC1}.Release|Any CPU.Build.0 = Release|Any CPU
	EndGlobalSection
	GlobalSection(SolutionProperties) = preSolution
		HideSolutionNode = FALSE
	EndGlobalSection
	GlobalSection(ExtensibilityGlobals) = postSolution
		SolutionGuid = {4CBF0F5A-7CE9-4E3E-BE76-A1140A174A77}
	EndGlobalSection
EndGlobal
